
Microsoft Visual Studio Solution File, Format Version 12.00
# Visual Studio 15
VisualStudioVersion = 15.0.26430.15
MinimumVisualStudioVersion = 10.0.40219.1
Project("{2150E333-8FDC-42A3-9474-1A3956D46DE8}") = "3.Sample", "3.Sample", "{9958726F-A29E-4817-917E-2F9F73E4F3E8}"
EndProject
Project("{2150E333-8FDC-42A3-9474-1A3956D46DE8}") = "1.Source", "1.Source", "{695684BC-9DAE-4828-9FD0-C89DD2DDB9AD}"
EndProject
Project("{2150E333-8FDC-42A3-9474-1A3956D46DE8}") = "2.Tests", "2.Tests", "{0131A34D-45A7-4595-A623-C825BC1EA79C}"
EndProject
Project("{FAE04EC0-301F-11D3-BF4B-00C04F79EFBC}") = "WebUploader.Net", "1.Source\WebUploader.Net\WebUploader.Net.csproj", "{945AE703-A9CE-475E-9317-5095280A6DAD}"
EndProject
Project("{FAE04EC0-301F-11D3-BF4B-00C04F79EFBC}") = "WebUploader.Net.Tests", "2.Tests\WebUploader.Net.Tests\WebUploader.Net.Tests.csproj", "{C14F9392-6D4D-41E9-99AB-7ACEF293603A}"
EndProject
Project("{FAE04EC0-301F-11D3-BF4B-00C04F79EFBC}") = "Sample.Mvc", "3.Sample\Sample.Mvc\Sample.Mvc.csproj", "{BB209EC5-A2A1-4ABF-BACF-4459E8249240}"
EndProject
Project("{E24C65DC-7377-472B-9ABA-BC803B73C61A}") = "Sample.WebForm(1)", "3.Sample\Sample.WebForm\", "{6EAE46DB-68F0-4F0F-8199-51EA79B978F8}"
	ProjectSection(WebsiteProperties) = preProject
		TargetFrameworkMoniker = ".NETFramework,Version%3Dv4.6"
		ProjectReferences = "{945ae703-a9ce-475e-9317-5095280a6dad}|WebUploader.Net.dll;"
		Debug.AspNetCompiler.VirtualPath = "/localhost_20961"
		Debug.AspNetCompiler.PhysicalPath = "3.Sample\Sample.WebForm\"
		Debug.AspNetCompiler.TargetPath = "PrecompiledWeb\localhost_20961\"
		Debug.AspNetCompiler.Updateable = "true"
		Debug.AspNetCompiler.ForceOverwrite = "true"
		Debug.AspNetCompiler.FixedNames = "false"
		Debug.AspNetCompiler.Debug = "True"
		Release.AspNetCompiler.VirtualPath = "/localhost_20961"
		Release.AspNetCompiler.PhysicalPath = "3.Sample\Sample.WebForm\"
		Release.AspNetCompiler.TargetPath = "PrecompiledWeb\localhost_20961\"
		Release.AspNetCompiler.Updateable = "true"
		Release.AspNetCompiler.ForceOverwrite = "true"
		Release.AspNetCompiler.FixedNames = "false"
		Release.AspNetCompiler.Debug = "False"
		VWDPort = "20961"
		SlnRelativePath = "3.Sample\Sample.WebForm\"
		DefaultWebSiteLanguage = "Visual C#"
	EndProjectSection
EndProject
Global
	GlobalSection(SolutionConfigurationPlatforms) = preSolution
		Debug|Any CPU = Debug|Any CPU
		Release|Any CPU = Release|Any CPU
	EndGlobalSection
	GlobalSection(ProjectConfigurationPlatforms) = postSolution
		{945AE703-A9CE-475E-9317-5095280A6DAD}.Debug|Any CPU.ActiveCfg = Debug|Any CPU
		{945AE703-A9CE-475E-9317-5095280A6DAD}.Debug|Any CPU.Build.0 = Debug|Any CPU
		{945AE703-A9CE-475E-9317-5095280A6DAD}.Release|Any CPU.ActiveCfg = Release|Any CPU
		{945AE703-A9CE-475E-9317-5095280A6DAD}.Release|Any CPU.Build.0 = Release|Any CPU
		{C14F9392-6D4D-41E9-99AB-7ACEF293603A}.Debug|Any CPU.ActiveCfg = Debug|Any CPU
		{C14F9392-6D4D-41E9-99AB-7ACEF293603A}.Debug|Any CPU.Build.0 = Debug|Any CPU
		{C14F9392-6D4D-41E9-99AB-7ACEF293603A}.Release|Any CPU.ActiveCfg = Release|Any CPU
		{C14F9392-6D4D-41E9-99AB-7ACEF293603A}.Release|Any CPU.Build.0 = Release|Any CPU
		{BB209EC5-A2A1-4ABF-BACF-4459E8249240}.Debug|Any CPU.ActiveCfg = Debug|Any CPU
		{BB209EC5-A2A1-4ABF-BACF-4459E8249240}.Debug|Any CPU.Build.0 = Debug|Any CPU
		{BB209EC5-A2A1-4ABF-BACF-4459E8249240}.Release|Any CPU.ActiveCfg = Release|Any CPU
		{BB209EC5-A2A1-4ABF-BACF-4459E8249240}.Release|Any CPU.Build.0 = Release|Any CPU
		{6EAE46DB-68F0-4F0F-8199-51EA79B978F8}.Debug|Any CPU.ActiveCfg = Debug|Any CPU
		{6EAE46DB-68F0-4F0F-8199-51EA79B978F8}.Debug|Any CPU.Build.0 = Debug|Any CPU
		{6EAE46DB-68F0-4F0F-8199-51EA79B978F8}.Release|Any CPU.ActiveCfg = Debug|Any CPU
		{6EAE46DB-68F0-4F0F-8199-51EA79B978F8}.Release|Any CPU.Build.0 = Debug|Any CPU
	EndGlobalSection
	GlobalSection(SolutionProperties) = preSolution
		HideSolutionNode = FALSE
	EndGlobalSection
	GlobalSection(NestedProjects) = preSolution
		{945AE703-A9CE-475E-9317-5095280A6DAD} = {695684BC-9DAE-4828-9FD0-C89DD2DDB9AD}
		{C14F9392-6D4D-41E9-99AB-7ACEF293603A} = {0131A34D-45A7-4595-A623-C825BC1EA79C}
		{BB209EC5-A2A1-4ABF-BACF-4459E8249240} = {9958726F-A29E-4817-917E-2F9F73E4F3E8}
		{6EAE46DB-68F0-4F0F-8199-51EA79B978F8} = {9958726F-A29E-4817-917E-2F9F73E4F3E8}
	EndGlobalSection
EndGlobal
